// !$*UTF8*$!
{
	archiveVersion = 1;
	classes = {
	};
	objectVersion = 50;
	objects = {

/* Begin PBXBuildFile section */
		FF004930263E350A0085AA7A /* HomeView.swift in Sources */ = {isa = PBXBuildFile; fileRef = FF00492F263E350A0085AA7A /* HomeView.swift */; };
		FF004932263E3B0D0085AA7A /* UIAlertControllerExtensions.swift in Sources */ = {isa = PBXBuildFile; fileRef = FF004931263E3B0D0085AA7A /* UIAlertControllerExtensions.swift */; };
		FFE38A48263D90BE006980F7 /* WidgicsApp.swift in Sources */ = {isa = PBXBuildFile; fileRef = FFE38A47263D90BE006980F7 /* WidgicsApp.swift */; };
		FFE38A4A263D90BE006980F7 /* SettingsView.swift in Sources */ = {isa = PBXBuildFile; fileRef = FFE38A49263D90BE006980F7 /* SettingsView.swift */; };
		FFE38A4C263D90C1006980F7 /* Assets.xcassets in Resources */ = {isa = PBXBuildFile; fileRef = FFE38A4B263D90C1006980F7 /* Assets.xcassets */; };
		FFE38A4F263D90C1006980F7 /* Preview Assets.xcassets in Resources */ = {isa = PBXBuildFile; fileRef = FFE38A4E263D90C1006980F7 /* Preview Assets.xcassets */; };
		FFE38A57263DA204006980F7 /* DataManager.swift in Sources */ = {isa = PBXBuildFile; fileRef = FFE38A56263DA204006980F7 /* DataManager.swift */; };
		FFE38A59263DA491006980F7 /* RealTimeVisitors.swift in Sources */ = {isa = PBXBuildFile; fileRef = FFE38A58263DA491006980F7 /* RealTimeVisitors.swift */; };
		FFE38A5D263E262F006980F7 /* SettingsRow.swift in Sources */ = {isa = PBXBuildFile; fileRef = FFE38A5C263E262E006980F7 /* SettingsRow.swift */; };
		FFE38A5F263E2706006980F7 /* SettingsModel.swift in Sources */ = {isa = PBXBuildFile; fileRef = FFE38A5E263E2706006980F7 /* SettingsModel.swift */; };
		FFE38A61263E2A93006980F7 /* ContentView.swift in Sources */ = {isa = PBXBuildFile; fileRef = FFE38A60263E2A93006980F7 /* ContentView.swift */; };
/* End PBXBuildFile section */

/* Begin PBXFileReference section */
		FF00492F263E350A0085AA7A /* HomeView.swift */ = {isa = PBXFileReference; lastKnownFileType = sourcecode.swift; path = HomeView.swift; sourceTree = "<group>"; };
		FF004931263E3B0D0085AA7A /* UIAlertControllerExtensions.swift */ = {isa = PBXFileReference; fileEncoding = 4; lastKnownFileType = sourcecode.swift; path = UIAlertControllerExtensions.swift; sourceTree = "<group>"; };
		FFE38A44263D90BE006980F7 /* Widgics.app */ = {isa = PBXFileReference; explicitFileType = wrapper.application; includeInIndex = 0; path = Widgics.app; sourceTree = BUILT_PRODUCTS_DIR; };
		FFE38A47263D90BE006980F7 /* WidgicsApp.swift */ = {isa = PBXFileReference; lastKnownFileType = sourcecode.swift; path = WidgicsApp.swift; sourceTree = "<group>"; };
		FFE38A49263D90BE006980F7 /* SettingsView.swift */ = {isa = PBXFileReference; lastKnownFileType = sourcecode.swift; path = SettingsView.swift; sourceTree = "<group>"; };
		FFE38A4B263D90C1006980F7 /* Assets.xcassets */ = {isa = PBXFileReference; lastKnownFileType = folder.assetcatalog; path = Assets.xcassets; sourceTree = "<group>"; };
		FFE38A4E263D90C1006980F7 /* Preview Assets.xcassets */ = {isa = PBXFileReference; lastKnownFileType = folder.assetcatalog; path = "Preview Assets.xcassets"; sourceTree = "<group>"; };
		FFE38A50263D90C1006980F7 /* Info.plist */ = {isa = PBXFileReference; lastKnownFileType = text.plist.xml; path = Info.plist; sourceTree = "<group>"; };
		FFE38A56263DA204006980F7 /* DataManager.swift */ = {isa = PBXFileReference; lastKnownFileType = sourcecode.swift; path = DataManager.swift; sourceTree = "<group>"; };
		FFE38A58263DA491006980F7 /* RealTimeVisitors.swift */ = {isa = PBXFileReference; lastKnownFileType = sourcecode.swift; path = RealTimeVisitors.swift; sourceTree = "<group>"; };
		FFE38A5C263E262E006980F7 /* SettingsRow.swift */ = {isa = PBXFileReference; lastKnownFileType = sourcecode.swift; path = SettingsRow.swift; sourceTree = "<group>"; };
		FFE38A5E263E2706006980F7 /* SettingsModel.swift */ = {isa = PBXFileReference; fileEncoding = 4; lastKnownFileType = sourcecode.swift; path = SettingsModel.swift; sourceTree = "<group>"; };
		FFE38A60263E2A93006980F7 /* ContentView.swift */ = {isa = PBXFileReference; lastKnownFileType = sourcecode.swift; path = ContentView.swift; sourceTree = "<group>"; };
/* End PBXFileReference section */

/* Begin PBXFrameworksBuildPhase section */
		FFE38A41263D90BE006980F7 /* Frameworks */ = {
			isa = PBXFrameworksBuildPhase;
			buildActionMask = 2147483647;
			files = (
			);
			runOnlyForDeploymentPostprocessing = 0;
		};
/* End PBXFrameworksBuildPhase section */

/* Begin PBXGroup section */
		FF004933263E3C730085AA7A /* Extensions */ = {
			isa = PBXGroup;
			children = (
				FF004931263E3B0D0085AA7A /* UIAlertControllerExtensions.swift */,
			);
			path = Extensions;
			sourceTree = "<group>";
		};
		FFE38A3B263D90BE006980F7 = {
			isa = PBXGroup;
			children = (
				FFE38A46263D90BE006980F7 /* Widgics */,
				FFE38A45263D90BE006980F7 /* Products */,
			);
			sourceTree = "<group>";
		};
		FFE38A45263D90BE006980F7 /* Products */ = {
			isa = PBXGroup;
			children = (
				FFE38A44263D90BE006980F7 /* Widgics.app */,
			);
			name = Products;
			sourceTree = "<group>";
		};
		FFE38A46263D90BE006980F7 /* Widgics */ = {
			isa = PBXGroup;
			children = (
				FFE38A47263D90BE006980F7 /* WidgicsApp.swift */,
				FF00492F263E350A0085AA7A /* HomeView.swift */,
				FFE38A62263E2E7B006980F7 /* Settings */,
				FFE38A4B263D90C1006980F7 /* Assets.xcassets */,
				FFE38A50263D90C1006980F7 /* Info.plist */,
				FFE38A4D263D90C1006980F7 /* Preview Content */,
				FFE38A56263DA204006980F7 /* DataManager.swift */,
				FFE38A58263DA491006980F7 /* RealTimeVisitors.swift */,
				FFE38A60263E2A93006980F7 /* ContentView.swift */,
				FF004933263E3C730085AA7A /* Extensions */,
			);
			path = Widgics;
			sourceTree = "<group>";
		};
		FFE38A4D263D90C1006980F7 /* Preview Content */ = {
			isa = PBXGroup;
			children = (
				FFE38A4E263D90C1006980F7 /* Preview Assets.xcassets */,
			);
			path = "Preview Content";
			sourceTree = "<group>";
		};
		FFE38A62263E2E7B006980F7 /* Settings */ = {
			isa = PBXGroup;
			children = (
				FFE38A49263D90BE006980F7 /* SettingsView.swift */,
				FFE38A5C263E262E006980F7 /* SettingsRow.swift */,
				FFE38A5E263E2706006980F7 /* SettingsModel.swift */,
			);
			path = Settings;
			sourceTree = "<group>";
		};
/* End PBXGroup section */

/* Begin PBXNativeTarget section */
		FFE38A43263D90BE006980F7 /* Widgics */ = {
			isa = PBXNativeTarget;
			buildConfigurationList = FFE38A53263D90C1006980F7 /* Build configuration list for PBXNativeTarget "Widgics" */;
			buildPhases = (
				FFE38A40263D90BE006980F7 /* Sources */,
				FFE38A41263D90BE006980F7 /* Frameworks */,
				FFE38A42263D90BE006980F7 /* Resources */,
			);
			buildRules = (
			);
			dependencies = (
			);
			name = Widgics;
			productName = Widgics;
			productReference = FFE38A44263D90BE006980F7 /* Widgics.app */;
			productType = "com.apple.product-type.application";
		};
/* End PBXNativeTarget section */

/* Begin PBXProject section */
		FFE38A3C263D90BE006980F7 /* Project object */ = {
			isa = PBXProject;
			attributes = {
				LastSwiftUpdateCheck = 1250;
				LastUpgradeCheck = 1250;
				TargetAttributes = {
					FFE38A43263D90BE006980F7 = {
						CreatedOnToolsVersion = 12.5;
					};
				};
			};
			buildConfigurationList = FFE38A3F263D90BE006980F7 /* Build configuration list for PBXProject "Widgics" */;
			compatibilityVersion = "Xcode 9.3";
			developmentRegion = en;
			hasScannedForEncodings = 0;
			knownRegions = (
				en,
				Base,
			);
			mainGroup = FFE38A3B263D90BE006980F7;
			productRefGroup = FFE38A45263D90BE006980F7 /* Products */;
			projectDirPath = "";
			projectRoot = "";
			targets = (
				FFE38A43263D90BE006980F7 /* Widgics */,
			);
		};
/* End PBXProject section */

/* Begin PBXResourcesBuildPhase section */
		FFE38A42263D90BE006980F7 /* Resources */ = {
			isa = PBXResourcesBuildPhase;
			buildActionMask = 2147483647;
			files = (
				FFE38A4F263D90C1006980F7 /* Preview Assets.xcassets in Resources */,
				FFE38A4C263D90C1006980F7 /* Assets.xcassets in Resources */,
			);
			runOnlyForDeploymentPostprocessing = 0;
		};
/* End PBXResourcesBuildPhase section */

/* Begin PBXSourcesBuildPhase section */
		FFE38A40263D90BE006980F7 /* Sources */ = {
			isa = PBXSourcesBuildPhase;
			buildActionMask = 2147483647;
			files = (
				FFE38A4A263D90BE006980F7 /* SettingsView.swift in Sources */,
				FFE38A57263DA204006980F7 /* DataManager.swift in Sources */,
				FFE38A61263E2A93006980F7 /* ContentView.swift in Sources */,
				FFE38A48263D90BE006980F7 /* WidgicsApp.swift in Sources */,
				FF004932263E3B0D0085AA7A /* UIAlertControllerExtensions.swift in Sources */,
				FFE38A59263DA491006980F7 /* RealTimeVisitors.swift in Sources */,
				FF004930263E350A0085AA7A /* HomeView.swift in Sources */,
				FFE38A5D263E262F006980F7 /* SettingsRow.swift in Sources */,
				FFE38A5F263E2706006980F7 /* SettingsModel.swift in Sources */,
			);
			runOnlyForDeploymentPostprocessing = 0;
		};
/* End PBXSourcesBuildPhase section */

/* Begin XCBuildConfiguration section */
		FFE38A51263D90C1006980F7 /* Debug */ = {
			isa = XCBuildConfiguration;
			buildSettings = {
				ALWAYS_SEARCH_USER_PATHS = NO;
				CLANG_ANALYZER_NONNULL = YES;
				CLANG_ANALYZER_NUMBER_OBJECT_CONVERSION = YES_AGGRESSIVE;
				CLANG_CXX_LANGUAGE_STANDARD = "gnu++14";
				CLANG_CXX_LIBRARY = "libc++";
				CLANG_ENABLE_MODULES = YES;
				CLANG_ENABLE_OBJC_ARC = YES;
				CLANG_ENABLE_OBJC_WEAK = YES;
				CLANG_WARN_BLOCK_CAPTURE_AUTORELEASING = YES;
				CLANG_WARN_BOOL_CONVERSION = YES;
				CLANG_WARN_COMMA = YES;
				CLANG_WARN_CONSTANT_CONVERSION = YES;
				CLANG_WARN_DEPRECATED_OBJC_IMPLEMENTATIONS = YES;
				CLANG_WARN_DIRECT_OBJC_ISA_USAGE = YES_ERROR;
				CLANG_WARN_DOCUMENTATION_COMMENTS = YES;
				CLANG_WARN_EMPTY_BODY = YES;
				CLANG_WARN_ENUM_CONVERSION = YES;
				CLANG_WARN_INFINITE_RECURSION = YES;
				CLANG_WARN_INT_CONVERSION = YES;
				CLANG_WARN_NON_LITERAL_NULL_CONVERSION = YES;
				CLANG_WARN_OBJC_IMPLICIT_RETAIN_SELF = YES;
				CLANG_WARN_OBJC_LITERAL_CONVERSION = YES;
				CLANG_WARN_OBJC_ROOT_CLASS = YES_ERROR;
				CLANG_WARN_QUOTED_INCLUDE_IN_FRAMEWORK_HEADER = YES;
				CLANG_WARN_RANGE_LOOP_ANALYSIS = YES;
				CLANG_WARN_STRICT_PROTOTYPES = YES;
				CLANG_WARN_SUSPICIOUS_MOVE = YES;
				CLANG_WARN_UNGUARDED_AVAILABILITY = YES_AGGRESSIVE;
				CLANG_WARN_UNREACHABLE_CODE = YES;
				CLANG_WARN__DUPLICATE_METHOD_MATCH = YES;
				COPY_PHASE_STRIP = NO;
				DEBUG_INFORMATION_FORMAT = dwarf;
				ENABLE_STRICT_OBJC_MSGSEND = YES;
				ENABLE_TESTABILITY = YES;
				GCC_C_LANGUAGE_STANDARD = gnu11;
				GCC_DYNAMIC_NO_PIC = NO;
				GCC_NO_COMMON_BLOCKS = YES;
				GCC_OPTIMIZATION_LEVEL = 0;
				GCC_PREPROCESSOR_DEFINITIONS = (
					"DEBUG=1",
					"$(inherited)",
				);
				GCC_WARN_64_TO_32_BIT_CONVERSION = YES;
				GCC_WARN_ABOUT_RETURN_TYPE = YES_ERROR;
				GCC_WARN_UNDECLARED_SELECTOR = YES;
				GCC_WARN_UNINITIALIZED_AUTOS = YES_AGGRESSIVE;
				GCC_WARN_UNUSED_FUNCTION = YES;
				GCC_WARN_UNUSED_VARIABLE = YES;
				IPHONEOS_DEPLOYMENT_TARGET = 14.5;
				MTL_ENABLE_DEBUG_INFO = INCLUDE_SOURCE;
				MTL_FAST_MATH = YES;
				ONLY_ACTIVE_ARCH = YES;
				SDKROOT = iphoneos;
				SWIFT_ACTIVE_COMPILATION_CONDITIONS = DEBUG;
				SWIFT_OPTIMIZATION_LEVEL = "-Onone";
			};
			name = Debug;
		};
		FFE38A52263D90C1006980F7 /* Release */ = {
			isa = XCBuildConfiguration;
			buildSettings = {
				ALWAYS_SEARCH_USER_PATHS = NO;
				CLANG_ANALYZER_NONNULL = YES;
				CLANG_ANALYZER_NUMBER_OBJECT_CONVERSION = YES_AGGRESSIVE;
				CLANG_CXX_LANGUAGE_STANDARD = "gnu++14";
				CLANG_CXX_LIBRARY = "libc++";
				CLANG_ENABLE_MODULES = YES;
				CLANG_ENABLE_OBJC_ARC = YES;
				CLANG_ENABLE_OBJC_WEAK = YES;
				CLANG_WARN_BLOCK_CAPTURE_AUTORELEASING = YES;
				CLANG_WARN_BOOL_CONVERSION = YES;
				CLANG_WARN_COMMA = YES;
				CLANG_WARN_CONSTANT_CONVERSION = YES;
				CLANG_WARN_DEPRECATED_OBJC_IMPLEMENTATIONS = YES;
				CLANG_WARN_DIRECT_OBJC_ISA_USAGE = YES_ERROR;
				CLANG_WARN_DOCUMENTATION_COMMENTS = YES;
				CLANG_WARN_EMPTY_BODY = YES;
				CLANG_WARN_ENUM_CONVERSION = YES;
				CLANG_WARN_INFINITE_RECURSION = YES;
				CLANG_WARN_INT_CONVERSION = YES;
				CLANG_WARN_NON_LITERAL_NULL_CONVERSION = YES;
				CLANG_WARN_OBJC_IMPLICIT_RETAIN_SELF = YES;
				CLANG_WARN_OBJC_LITERAL_CONVERSION = YES;
				CLANG_WARN_OBJC_ROOT_CLASS = YES_ERROR;
				CLANG_WARN_QUOTED_INCLUDE_IN_FRAMEWORK_HEADER = YES;
				CLANG_WARN_RANGE_LOOP_ANALYSIS = YES;
				CLANG_WARN_STRICT_PROTOTYPES = YES;
				CLANG_WARN_SUSPICIOUS_MOVE = YES;
				CLANG_WARN_UNGUARDED_AVAILABILITY = YES_AGGRESSIVE;
				CLANG_WARN_UNREACHABLE_CODE = YES;
				CLANG_WARN__DUPLICATE_METHOD_MATCH = YES;
				COPY_PHASE_STRIP = NO;
				DEBUG_INFORMATION_FORMAT = "dwarf-with-dsym";
				ENABLE_NS_ASSERTIONS = NO;
				ENABLE_STRICT_OBJC_MSGSEND = YES;
				GCC_C_LANGUAGE_STANDARD = gnu11;
				GCC_NO_COMMON_BLOCKS = YES;
				GCC_WARN_64_TO_32_BIT_CONVERSION = YES;
				GCC_WARN_ABOUT_RETURN_TYPE = YES_ERROR;
				GCC_WARN_UNDECLARED_SELECTOR = YES;
				GCC_WARN_UNINITIALIZED_AUTOS = YES_AGGRESSIVE;
				GCC_WARN_UNUSED_FUNCTION = YES;
				GCC_WARN_UNUSED_VARIABLE = YES;
				IPHONEOS_DEPLOYMENT_TARGET = 14.5;
				MTL_ENABLE_DEBUG_INFO = NO;
				MTL_FAST_MATH = YES;
				SDKROOT = iphoneos;
				SWIFT_COMPILATION_MODE = wholemodule;
				SWIFT_OPTIMIZATION_LEVEL = "-O";
				VALIDATE_PRODUCT = YES;
			};
			name = Release;
		};
		FFE38A54263D90C1006980F7 /* Debug */ = {
			isa = XCBuildConfiguration;
			buildSettings = {
				ASSETCATALOG_COMPILER_APPICON_NAME = AppIcon;
				ASSETCATALOG_COMPILER_GLOBAL_ACCENT_COLOR_NAME = AccentColor;
				CODE_SIGN_STYLE = Automatic;
				DEVELOPMENT_ASSET_PATHS = "\"Widgics/Preview Content\"";
				DEVELOPMENT_TEAM = 4WMQY24R33;
				ENABLE_PREVIEWS = YES;
				INFOPLIST_FILE = Widgics/Info.plist;
				IPHONEOS_DEPLOYMENT_TARGET = 14.0;
				LD_RUNPATH_SEARCH_PATHS = (
					"$(inherited)",
					"@executable_path/Frameworks",
				);
				PRODUCT_BUNDLE_IDENTIFIER = com.pushpinderpalsingh.Widgics;
				PRODUCT_NAME = "$(TARGET_NAME)";
				SWIFT_VERSION = 5.0;
				TARGETED_DEVICE_FAMILY = "1,2";
			};
			name = Debug;
		};
		FFE38A55263D90C1006980F7 /* Release */ = {
			isa = XCBuildConfiguration;
			buildSettings = {
				ASSETCATALOG_COMPILER_APPICON_NAME = AppIcon;
				ASSETCATALOG_COMPILER_GLOBAL_ACCENT_COLOR_NAME = AccentColor;
				CODE_SIGN_STYLE = Automatic;
				DEVELOPMENT_ASSET_PATHS = "\"Widgics/Preview Content\"";
				DEVELOPMENT_TEAM = 4WMQY24R33;
				ENABLE_PREVIEWS = YES;
				INFOPLIST_FILE = Widgics/Info.plist;
				IPHONEOS_DEPLOYMENT_TARGET = 14.0;
				LD_RUNPATH_SEARCH_PATHS = (
					"$(inherited)",
					"@executable_path/Frameworks",
				);
				PRODUCT_BUNDLE_IDENTIFIER = com.pushpinderpalsingh.Widgics;
				PRODUCT_NAME = "$(TARGET_NAME)";
				SWIFT_VERSION = 5.0;
				TARGETED_DEVICE_FAMILY = "1,2";
			};
			name = Release;
		};
/* End XCBuildConfiguration section */

/* Begin XCConfigurationList section */
		FFE38A3F263D90BE006980F7 /* Build configuration list for PBXProject "Widgics" */ = {
			isa = XCConfigurationList;
			buildConfigurations = (
				FFE38A51263D90C1006980F7 /* Debug */,
				FFE38A52263D90C1006980F7 /* Release */,
			);
			defaultConfigurationIsVisible = 0;
			defaultConfigurationName = Release;
		};
		FFE38A53263D90C1006980F7 /* Build configuration list for PBXNativeTarget "Widgics" */ = {
			isa = XCConfigurationList;
			buildConfigurations = (
				FFE38A54263D90C1006980F7 /* Debug */,
				FFE38A55263D90C1006980F7 /* Release */,
			);
			defaultConfigurationIsVisible = 0;
			defaultConfigurationName = Release;
		};
/* End XCConfigurationList section */
	};
	rootObject = FFE38A3C263D90BE006980F7 /* Project object */;
}
